
Microsoft Visual Studio Solution File, Format Version 12.00
# Visual Studio Version 17
VisualStudioVersion = 17.3.32819.101
MinimumVisualStudioVersion = 10.0.40219.1
Project("{9A19103F-16F7-4668-BE54-9A1E7A4F7556}") = "Portalum.Fiscalization.TestConsole", "Portalum.Fiscalization.TestConsole\Portalum.Fiscalization.TestConsole.csproj", "{B6160648-6620-46AC-A67E-A0CE0AC2C023}"
EndProject
Project("{9A19103F-16F7-4668-BE54-9A1E7A4F7556}") = "Portalum.Fiscalization", "Portalum.Fiscalization\Portalum.Fiscalization.csproj", "{B1C5E2C8-CFA0-4A7A-8206-86F418F451BA}"
EndProject
Project("{9A19103F-16F7-4668-BE54-9A1E7A4F7556}") = "Portalum.Fiscalization.SimplePos", "Portalum.Fiscalization.SimplePos\Portalum.Fiscalization.SimplePos.csproj", "{057AFFE1-E975-4ACA-BF5D-749BDC5E3719}"
EndProject
Project("{9A19103F-16F7-4668-BE54-9A1E7A4F7556}") = "Portalum.Fiscalization.Middleware", "Portalum.Fiscalization.Middleware\Portalum.Fiscalization.Middleware.csproj", "{4BA267A9-B6AD-42E1-8797-A31745F06A5E}"
EndProject
Project("{FAE04EC0-301F-11D3-BF4B-00C04F79EFBC}") = "Portalum.Fiscalization.Docker", "Portalum.Fiscalization.Docker\Portalum.Fiscalization.Docker.csproj", "{D0D8D531-11C4-4654-901A-23777CF08FB5}"
EndProject
Global
	GlobalSection(SolutionConfigurationPlatforms) = preSolution
		Debug|Any CPU = Debug|Any CPU
		Release|Any CPU = Release|Any CPU
	EndGlobalSection
	GlobalSection(ProjectConfigurationPlatforms) = postSolution
		{B6160648-6620-46AC-A67E-A0CE0AC2C023}.Debug|Any CPU.ActiveCfg = Debug|Any CPU
		{B6160648-6620-46AC-A67E-A0CE0AC2C023}.Debug|Any CPU.Build.0 = Debug|Any CPU
		{B6160648-6620-46AC-A67E-A0CE0AC2C023}.Release|Any CPU.ActiveCfg = Release|Any CPU
		{B6160648-6620-46AC-A67E-A0CE0AC2C023}.Release|Any CPU.Build.0 = Release|Any CPU
		{B1C5E2C8-CFA0-4A7A-8206-86F418F451BA}.Debug|Any CPU.ActiveCfg = Debug|Any CPU
		{B1C5E2C8-CFA0-4A7A-8206-86F418F451BA}.Debug|Any CPU.Build.0 = Debug|Any CPU
		{B1C5E2C8-CFA0-4A7A-8206-86F418F451BA}.Release|Any CPU.ActiveCfg = Release|Any CPU
		{B1C5E2C8-CFA0-4A7A-8206-86F418F451BA}.Release|Any CPU.Build.0 = Release|Any CPU
		{057AFFE1-E975-4ACA-BF5D-749BDC5E3719}.Debug|Any CPU.ActiveCfg = Debug|Any CPU
		{057AFFE1-E975-4ACA-BF5D-749BDC5E3719}.Debug|Any CPU.Build.0 = Debug|Any CPU
		{057AFFE1-E975-4ACA-BF5D-749BDC5E3719}.Release|Any CPU.ActiveCfg = Release|Any CPU
		{057AFFE1-E975-4ACA-BF5D-749BDC5E3719}.Release|Any CPU.Build.0 = Release|Any CPU
		{4BA267A9-B6AD-42E1-8797-A31745F06A5E}.Debug|Any CPU.ActiveCfg = Debug|Any CPU
		{4BA267A9-B6AD-42E1-8797-A31745F06A5E}.Debug|Any CPU.Build.0 = Debug|Any CPU
		{4BA267A9-B6AD-42E1-8797-A31745F06A5E}.Release|Any CPU.ActiveCfg = Release|Any CPU
		{4BA267A9-B6AD-42E1-8797-A31745F06A5E}.Release|Any CPU.Build.0 = Release|Any CPU
		{D0D8D531-11C4-4654-901A-23777CF08FB5}.Debug|Any CPU.ActiveCfg = Debug|Any CPU
		{D0D8D531-11C4-4654-901A-23777CF08FB5}.Debug|Any CPU.Build.0 = Debug|Any CPU
		{D0D8D531-11C4-4654-901A-23777CF08FB5}.Release|Any CPU.ActiveCfg = Release|Any CPU
		{D0D8D531-11C4-4654-901A-23777CF08FB5}.Release|Any CPU.Build.0 = Release|Any CPU
	EndGlobalSection
	GlobalSection(SolutionProperties) = preSolution
		HideSolutionNode = FALSE
	EndGlobalSection
	GlobalSection(ExtensibilityGlobals) = postSolution
		SolutionGuid = {34F14EA4-10E6-4526-A04A-85DB27F32406}
	EndGlobalSection
EndGlobal
